
Microsoft Visual Studio Solution File, Format Version 12.00
# Visual Studio Version 17
VisualStudioVersion = 17.5.002.0
MinimumVisualStudioVersion = 10.0.40219.1
Project("{9A19103F-16F7-4668-BE54-9A1E7A4F7556}") = "target-sistemas-desafio", "target-sistemas-desafio.csproj", "{01CEC31A-AB43-46F4-9A52-6C99CAB48341}"
EndProject
Global
	GlobalSection(SolutionConfigurationPlatforms) = preSolution
		Debug|Any CPU = Debug|Any CPU
		Release|Any CPU = Release|Any CPU
	EndGlobalSection
	GlobalSection(ProjectConfigurationPlatforms) = postSolution
		{01CEC31A-AB43-46F4-9A52-6C99CAB48341}.Debug|Any CPU.ActiveCfg = Debug|Any CPU
		{01CEC31A-AB43-46F4-9A52-6C99CAB48341}.Debug|Any CPU.Build.0 = Debug|Any CPU
		{01CEC31A-AB43-46F4-9A52-6C99CAB48341}.Release|Any CPU.ActiveCfg = Release|Any CPU
		{01CEC31A-AB43-46F4-9A52-6C99CAB48341}.Release|Any CPU.Build.0 = Release|Any CPU
	EndGlobalSection
	GlobalSection(SolutionProperties) = preSolution
		HideSolutionNode = FALSE
	EndGlobalSection
	GlobalSection(ExtensibilityGlobals) = postSolution
		SolutionGuid = {B156F547-CB3B-4EF9-AC1D-3D88E8407C9C}
	EndGlobalSection
EndGlobal
